# THIS IS AN AUTOGENERATED FILE. DO NOT EDIT THIS FILE DIRECTLY.
# yarn lockfile v1


clang-darwin-x64@8.0.1:
  version "8.0.1"
  resolved "https://registry.yarnpkg.com/clang-darwin-x64/-/clang-darwin-x64-8.0.1.tgz#997f0741a7c3ab85851ed081df879688547d0de8"
  integrity sha512-vdMvN2wusCyA4yaz7qvdB6lM3B/p/ZgGqd9Wnmia8umztFodbddvfkjvt1uv55785lshH0qrSQdoXjMLOUP2Dg==

clang-linux-x64@8.0.0:
  version "8.0.0"
  resolved "https://registry.yarnpkg.com/clang-linux-x64/-/clang-linux-x64-8.0.0.tgz#c6102eee1e4c2bc745bc0c37b891e5b9174d5e13"
  integrity sha512-Ymu86pzMph6+lnfqodACIOwDjmPtBE58RO3cTEPfQm1HlMf8CPj9UtozijbiAJlEYOej3ix9x9LfXWKsdmej8g==

clang-wasm-win64@8.0.1:
  version "8.0.1"
  resolved "https://registry.yarnpkg.com/clang-wasm-win64/-/clang-wasm-win64-8.0.1.tgz#00dc15b640faa99671c87595456085c20a5cc8f6"
  integrity sha512-0WgLYVWNvs2CW1H/5diRVTIynvoPpnWm6wxez5G06SxWFr4oY6Z3eNb168OBQZWudhgDNJhZq0ma+YBxWfbCNA==

clang-wasm@^0.0.18:
  version "0.0.18"
  resolved "https://registry.yarnpkg.com/clang-wasm/-/clang-wasm-0.0.18.tgz#0d5718433459e220f92cded233b873f09085e080"
  integrity sha512-2Nh0vmdaYDFOPc9bdOj0/mPYeJ2i74s44DtTZb2vq+rbBZd02m2551ImDDY/kkxeoWsaXuSdcFnai4NrbqOoYQ==
  optionalDependencies:
    clang-darwin-x64 "8.0.1"
    clang-linux-x64 "8.0.0"
    clang-wasm-win64 "8.0.1"
